
Microsoft Visual Studio Solution File, Format Version 12.00
# Visual Studio Version 17
VisualStudioVersion = 17.0.31903.59
MinimumVisualStudioVersion = 10.0.40219.1
Project("{FAE04EC0-301F-11D3-BF4B-00C04F79EFBC}") = "PetFamily.Web", "src\PetFamily.Web\PetFamily.Web.csproj", "{1769FCB4-0FAF-4820-AF56-C1F3F05A456E}"
EndProject
Project("{2150E333-8FDC-42A3-9474-1A3956D46DE8}") = "Solution Items", "Solution Items", "{9645A84D-5CD6-44F8-985B-D62DED483F03}"
	ProjectSection(SolutionItems) = preProject
		docker-compose.yml = docker-compose.yml
	EndProjectSection
EndProject
Project("{2150E333-8FDC-42A3-9474-1A3956D46DE8}") = "tests", "tests", "{92B351FA-284C-4F3D-A306-4510FAAC5F64}"
EndProject
Project("{2150E333-8FDC-42A3-9474-1A3956D46DE8}") = "src", "src", "{0F3E2943-A69F-4693-A0E4-EDBDD853F1AC}"
EndProject
Project("{FAE04EC0-301F-11D3-BF4B-00C04F79EFBC}") = "PetFamily.Domain.UnitTests", "tests\PetFamily.Domain.UnitTests\PetFamily.Domain.UnitTests.csproj", "{28E4BE52-531C-4B69-8F47-DF00D02A181B}"
EndProject
Project("{FAE04EC0-301F-11D3-BF4B-00C04F79EFBC}") = "PetFamily.Application.UnitTests", "tests\PetFamily.Application.UnitTests\PetFamily.Application.UnitTests.csproj", "{F6C6240C-004E-4502-AF56-F9614BDE9AD3}"
EndProject
Project("{FAE04EC0-301F-11D3-BF4B-00C04F79EFBC}") = "TestProject1", "TestProject1\TestProject1.csproj", "{FE4B2D00-4EFD-4BDF-83AF-CC89A0FBD691}"
EndProject
Project("{FAE04EC0-301F-11D3-BF4B-00C04F79EFBC}") = "PetFamily.Core", "src\Shared\PetFamily.Core\PetFamily.Core.csproj", "{8E22D7D8-6EA4-4E2E-A0D8-32C19D373401}"
EndProject
Project("{FAE04EC0-301F-11D3-BF4B-00C04F79EFBC}") = "PetFamily.Pets.Application", "src\Pet\PetFamily.Pets.Application\PetFamily.Pets.Application.csproj", "{254D6C81-CFD0-4D9D-827B-905E39031611}"
EndProject
Project("{FAE04EC0-301F-11D3-BF4B-00C04F79EFBC}") = "PetFamily.Pets.Domain", "src\Pet\PetFamily.Pets.Domain\PetFamily.Pets.Domain.csproj", "{41819ED8-4D63-4C2D-BEBF-EF75D6360190}"
EndProject
Project("{FAE04EC0-301F-11D3-BF4B-00C04F79EFBC}") = "PetFamily.Pets.Presentation", "src\Pet\PetFamily.Pets.Presentation\PetFamily.Pets.Presentation.csproj", "{9C91D7B5-E8B3-45F3-999D-01A39DD27E07}"
EndProject
Project("{FAE04EC0-301F-11D3-BF4B-00C04F79EFBC}") = "PetFamily.Pets.Infrastructure", "src\Pet\PetFamily.Pets.Infrastructure\PetFamily.Pets.Infrastructure.csproj", "{FCDD6DE6-E27C-490A-8987-FCA2696BEE1C}"
EndProject
Project("{2150E333-8FDC-42A3-9474-1A3956D46DE8}") = "Pets", "Pets", "{FAA8FF94-94D7-433A-A361-5A3BF683311D}"
EndProject
Project("{FAE04EC0-301F-11D3-BF4B-00C04F79EFBC}") = "PetFamily.Pets.Contracts", "src\Pet\PetFamily.Pets.Contracts\PetFamily.Pets.Contracts.csproj", "{A54C6EFF-707F-499D-939B-972689B20A70}"
EndProject
Project("{FAE04EC0-301F-11D3-BF4B-00C04F79EFBC}") = "PetFamily.Species.Application", "src\Specie\PetFamily.Species.Application\PetFamily.Species.Application.csproj", "{8DB7AF77-7040-49C3-80A0-66BFD5F701AC}"
EndProject
Project("{FAE04EC0-301F-11D3-BF4B-00C04F79EFBC}") = "PetFamily.Species.Domain", "src\Specie\PetFamily.Species.Domain\PetFamily.Species.Domain.csproj", "{F7B10EAD-31EF-494E-8CB4-204463AEB251}"
EndProject
Project("{FAE04EC0-301F-11D3-BF4B-00C04F79EFBC}") = "PetFamily.Species.Contracts", "src\Specie\PetFamily.Species.Contracts\PetFamily.Species.Contracts.csproj", "{53FD86EE-9FE4-4064-8C6F-87D5F94E2096}"
EndProject
Project("{FAE04EC0-301F-11D3-BF4B-00C04F79EFBC}") = "PetFamily.Species.Infrastructure", "src\Specie\PetFamily.Species.Infrastructure\PetFamily.Species.Infrastructure.csproj", "{2E59CBBD-890E-42F9-AB7D-BEB9E2ED83DB}"
EndProject
Project("{FAE04EC0-301F-11D3-BF4B-00C04F79EFBC}") = "PetFamily.Species.Presentation", "src\Specie\PetFamily.Species.Presentation\PetFamily.Species.Presentation.csproj", "{CE6CF524-69CA-4584-924F-44A50B0C8781}"
EndProject
Project("{2150E333-8FDC-42A3-9474-1A3956D46DE8}") = "Specie", "Specie", "{F06886B0-0184-4872-AC7D-AF3BD1A32C7B}"
EndProject
Project("{FAE04EC0-301F-11D3-BF4B-00C04F79EFBC}") = "PetFamily.SharedKernel", "src\Shared\PetFamily.SharedKernel\PetFamily.SharedKernel.csproj", "{DB737D47-E0E4-4407-9251-45736713BEED}"
EndProject
Project("{FAE04EC0-301F-11D3-BF4B-00C04F79EFBC}") = "PetFamily.Framework", "src\Shared\PetFamily.Framework\PetFamily.Framework.csproj", "{A93F3562-35A3-49AC-A760-AAB6DE7D842B}"
EndProject
Project("{2150E333-8FDC-42A3-9474-1A3956D46DE8}") = "Shared", "Shared", "{5AFF17B4-34DD-4AA3-9CD2-9FFBD0D666A3}"
EndProject
Project("{FAE04EC0-301F-11D3-BF4B-00C04F79EFBC}") = "PetFamily.Accounts.Application", "src\Accounts\PetFamily.Accounts.Application\PetFamily.Accounts.Application.csproj", "{2260730B-7D8F-4E48-817A-EAE3B1D5CCBA}"
EndProject
Project("{FAE04EC0-301F-11D3-BF4B-00C04F79EFBC}") = "PetFamily.Accounts.Presentation", "src\Accounts\PetFamily.Accounts.Presentation\PetFamily.Accounts.Presentation.csproj", "{BB7BFD9D-340A-420C-8DED-AB7E3E24F84D}"
EndProject
Project("{FAE04EC0-301F-11D3-BF4B-00C04F79EFBC}") = "PetFamily.Accounts.Contracts", "src\Accounts\PetFamily.Accounts.Contracts\PetFamily.Accounts.Contracts.csproj", "{FCDC79E9-2683-4E9E-AC9E-13D3D2189570}"
EndProject
Project("{FAE04EC0-301F-11D3-BF4B-00C04F79EFBC}") = "PetFamily.Accounts.Domain", "src\Accounts\PetFamily.Accounts.Domain\PetFamily.Accounts.Domain.csproj", "{EAC7A7CA-D9B8-43D3-AF2C-235DD7B8C641}"
EndProject
Project("{FAE04EC0-301F-11D3-BF4B-00C04F79EFBC}") = "PetFamily.Accounts.Infrastructure", "src\Accounts\PetFamily.Accounts.Infrastructure\PetFamily.Accounts.Infrastructure.csproj", "{A3FC979D-508C-46A6-8644-A2134782862B}"
EndProject
Project("{2150E333-8FDC-42A3-9474-1A3956D46DE8}") = "Accounts", "Accounts", "{4035BC7F-5257-40D8-A54A-31665CD136F8}"
EndProject
Project("{2150E333-8FDC-42A3-9474-1A3956D46DE8}") = "VolunteerRequest", "VolunteerRequest", "{E71956F2-DBB5-4D7D-B245-EBA68C8351A9}"
EndProject
Project("{FAE04EC0-301F-11D3-BF4B-00C04F79EFBC}") = "PetFamily.VolunteerRequest.Domain", "src\VolunteerRequest\PetFamily.VolunteerRequest.Domain\PetFamily.VolunteerRequest.Domain.csproj", "{D396DC20-37F1-4AFF-B194-BD78C55E6FFA}"
EndProject
Project("{FAE04EC0-301F-11D3-BF4B-00C04F79EFBC}") = "PetFamily.VolunteerRequest.Application", "src\VolunteerRequest\PetFamily.VolunteerRequest.Application\PetFamily.VolunteerRequest.Application.csproj", "{5B1B8753-6C54-415F-8088-167AD474FD0E}"
EndProject
Project("{FAE04EC0-301F-11D3-BF4B-00C04F79EFBC}") = "PetFamily.VolunteerRequest.Infrastructure", "src\VolunteerRequest\PetFamily.VolunteerRequest.Infrastructure\PetFamily.VolunteerRequest.Infrastructure.csproj", "{78459067-8E40-4A80-89E9-91C9F8BA907F}"
EndProject
Project("{FAE04EC0-301F-11D3-BF4B-00C04F79EFBC}") = "PetFamily.VolunteerRequest.Contracts", "src\VolunteerRequest\PetFamily.VolunteerRequest.Contracts\PetFamily.VolunteerRequest.Contracts.csproj", "{B7988F6A-1226-45A0-99F8-C651F23CA628}"
EndProject
Project("{FAE04EC0-301F-11D3-BF4B-00C04F79EFBC}") = "PetFamily.VolunteerRequest.Presentation", "src\VolunteerRequest\PetFamily.VolunteerRequest.Presentation\PetFamily.VolunteerRequest.Presentation.csproj", "{C2C50C5E-4195-46B5-B664-E371B68A5DE2}"
EndProject
Project("{2150E333-8FDC-42A3-9474-1A3956D46DE8}") = "Disscusion", "Disscusion", "{4B5BF82B-70C5-4277-9497-AA0D6D775755}"
EndProject
Project("{FAE04EC0-301F-11D3-BF4B-00C04F79EFBC}") = "PetFamily.Disscusion.Domain", "src\Disscusion\PetFamily.Disscusion.Domain\PetFamily.Disscusion.Domain.csproj", "{24BDCC87-EB20-4E5C-BCFC-A4957A67BF30}"
EndProject
Project("{FAE04EC0-301F-11D3-BF4B-00C04F79EFBC}") = "PetFamily.Disscusion.Application", "src\Disscusion\PetFamily.Disscusion.Application\PetFamily.Disscusion.Application.csproj", "{C495E094-9DE1-4A2F-A285-A62A767F4BA4}"
EndProject
Project("{FAE04EC0-301F-11D3-BF4B-00C04F79EFBC}") = "PetFamily.Disscusion.Infrastructure", "src\Disscusion\PetFamily.Disscusion.Infrastructure\PetFamily.Disscusion.Infrastructure.csproj", "{CDD36C54-2AAA-4712-A2BA-8C81904D2938}"
EndProject
Project("{FAE04EC0-301F-11D3-BF4B-00C04F79EFBC}") = "PetFamily.Disscusion.Contracts", "src\Disscusion\PetFamily.Disscusion.Contracts\PetFamily.Disscusion.Contracts.csproj", "{865010E8-B2BA-4CB2-A61B-27DC44431002}"
EndProject
Project("{FAE04EC0-301F-11D3-BF4B-00C04F79EFBC}") = "PetFamily.Disscusion.Presentation", "src\Disscusion\PetFamily.Disscusion.Presentation\PetFamily.Disscusion.Presentation.csproj", "{87953FC1-0885-4CFF-8AC3-E0A8FFACE2CC}"
EndProject
Global
	GlobalSection(SolutionConfigurationPlatforms) = preSolution
		Debug|Any CPU = Debug|Any CPU
		Release|Any CPU = Release|Any CPU
	EndGlobalSection
	GlobalSection(SolutionProperties) = preSolution
		HideSolutionNode = FALSE
	EndGlobalSection
	GlobalSection(ProjectConfigurationPlatforms) = postSolution
		{1769FCB4-0FAF-4820-AF56-C1F3F05A456E}.Debug|Any CPU.ActiveCfg = Debug|Any CPU
		{1769FCB4-0FAF-4820-AF56-C1F3F05A456E}.Debug|Any CPU.Build.0 = Debug|Any CPU
		{1769FCB4-0FAF-4820-AF56-C1F3F05A456E}.Release|Any CPU.ActiveCfg = Release|Any CPU
		{1769FCB4-0FAF-4820-AF56-C1F3F05A456E}.Release|Any CPU.Build.0 = Release|Any CPU
		{28E4BE52-531C-4B69-8F47-DF00D02A181B}.Debug|Any CPU.ActiveCfg = Debug|Any CPU
		{28E4BE52-531C-4B69-8F47-DF00D02A181B}.Debug|Any CPU.Build.0 = Debug|Any CPU
		{28E4BE52-531C-4B69-8F47-DF00D02A181B}.Release|Any CPU.ActiveCfg = Release|Any CPU
		{28E4BE52-531C-4B69-8F47-DF00D02A181B}.Release|Any CPU.Build.0 = Release|Any CPU
		{F6C6240C-004E-4502-AF56-F9614BDE9AD3}.Debug|Any CPU.ActiveCfg = Debug|Any CPU
		{F6C6240C-004E-4502-AF56-F9614BDE9AD3}.Debug|Any CPU.Build.0 = Debug|Any CPU
		{F6C6240C-004E-4502-AF56-F9614BDE9AD3}.Release|Any CPU.ActiveCfg = Release|Any CPU
		{F6C6240C-004E-4502-AF56-F9614BDE9AD3}.Release|Any CPU.Build.0 = Release|Any CPU
		{FE4B2D00-4EFD-4BDF-83AF-CC89A0FBD691}.Debug|Any CPU.ActiveCfg = Debug|Any CPU
		{FE4B2D00-4EFD-4BDF-83AF-CC89A0FBD691}.Debug|Any CPU.Build.0 = Debug|Any CPU
		{FE4B2D00-4EFD-4BDF-83AF-CC89A0FBD691}.Release|Any CPU.ActiveCfg = Release|Any CPU
		{FE4B2D00-4EFD-4BDF-83AF-CC89A0FBD691}.Release|Any CPU.Build.0 = Release|Any CPU
		{8E22D7D8-6EA4-4E2E-A0D8-32C19D373401}.Debug|Any CPU.ActiveCfg = Debug|Any CPU
		{8E22D7D8-6EA4-4E2E-A0D8-32C19D373401}.Debug|Any CPU.Build.0 = Debug|Any CPU
		{8E22D7D8-6EA4-4E2E-A0D8-32C19D373401}.Release|Any CPU.ActiveCfg = Release|Any CPU
		{8E22D7D8-6EA4-4E2E-A0D8-32C19D373401}.Release|Any CPU.Build.0 = Release|Any CPU
		{254D6C81-CFD0-4D9D-827B-905E39031611}.Debug|Any CPU.ActiveCfg = Debug|Any CPU
		{254D6C81-CFD0-4D9D-827B-905E39031611}.Debug|Any CPU.Build.0 = Debug|Any CPU
		{254D6C81-CFD0-4D9D-827B-905E39031611}.Release|Any CPU.ActiveCfg = Release|Any CPU
		{254D6C81-CFD0-4D9D-827B-905E39031611}.Release|Any CPU.Build.0 = Release|Any CPU
		{41819ED8-4D63-4C2D-BEBF-EF75D6360190}.Debug|Any CPU.ActiveCfg = Debug|Any CPU
		{41819ED8-4D63-4C2D-BEBF-EF75D6360190}.Debug|Any CPU.Build.0 = Debug|Any CPU
		{41819ED8-4D63-4C2D-BEBF-EF75D6360190}.Release|Any CPU.ActiveCfg = Release|Any CPU
		{41819ED8-4D63-4C2D-BEBF-EF75D6360190}.Release|Any CPU.Build.0 = Release|Any CPU
		{9C91D7B5-E8B3-45F3-999D-01A39DD27E07}.Debug|Any CPU.ActiveCfg = Debug|Any CPU
		{9C91D7B5-E8B3-45F3-999D-01A39DD27E07}.Debug|Any CPU.Build.0 = Debug|Any CPU
		{9C91D7B5-E8B3-45F3-999D-01A39DD27E07}.Release|Any CPU.ActiveCfg = Release|Any CPU
		{9C91D7B5-E8B3-45F3-999D-01A39DD27E07}.Release|Any CPU.Build.0 = Release|Any CPU
		{FCDD6DE6-E27C-490A-8987-FCA2696BEE1C}.Debug|Any CPU.ActiveCfg = Debug|Any CPU
		{FCDD6DE6-E27C-490A-8987-FCA2696BEE1C}.Debug|Any CPU.Build.0 = Debug|Any CPU
		{FCDD6DE6-E27C-490A-8987-FCA2696BEE1C}.Release|Any CPU.ActiveCfg = Release|Any CPU
		{FCDD6DE6-E27C-490A-8987-FCA2696BEE1C}.Release|Any CPU.Build.0 = Release|Any CPU
		{A54C6EFF-707F-499D-939B-972689B20A70}.Debug|Any CPU.ActiveCfg = Debug|Any CPU
		{A54C6EFF-707F-499D-939B-972689B20A70}.Debug|Any CPU.Build.0 = Debug|Any CPU
		{A54C6EFF-707F-499D-939B-972689B20A70}.Release|Any CPU.ActiveCfg = Release|Any CPU
		{A54C6EFF-707F-499D-939B-972689B20A70}.Release|Any CPU.Build.0 = Release|Any CPU
		{8DB7AF77-7040-49C3-80A0-66BFD5F701AC}.Debug|Any CPU.ActiveCfg = Debug|Any CPU
		{8DB7AF77-7040-49C3-80A0-66BFD5F701AC}.Debug|Any CPU.Build.0 = Debug|Any CPU
		{8DB7AF77-7040-49C3-80A0-66BFD5F701AC}.Release|Any CPU.ActiveCfg = Release|Any CPU
		{8DB7AF77-7040-49C3-80A0-66BFD5F701AC}.Release|Any CPU.Build.0 = Release|Any CPU
		{F7B10EAD-31EF-494E-8CB4-204463AEB251}.Debug|Any CPU.ActiveCfg = Debug|Any CPU
		{F7B10EAD-31EF-494E-8CB4-204463AEB251}.Debug|Any CPU.Build.0 = Debug|Any CPU
		{F7B10EAD-31EF-494E-8CB4-204463AEB251}.Release|Any CPU.ActiveCfg = Release|Any CPU
		{F7B10EAD-31EF-494E-8CB4-204463AEB251}.Release|Any CPU.Build.0 = Release|Any CPU
		{53FD86EE-9FE4-4064-8C6F-87D5F94E2096}.Debug|Any CPU.ActiveCfg = Debug|Any CPU
		{53FD86EE-9FE4-4064-8C6F-87D5F94E2096}.Debug|Any CPU.Build.0 = Debug|Any CPU
		{53FD86EE-9FE4-4064-8C6F-87D5F94E2096}.Release|Any CPU.ActiveCfg = Release|Any CPU
		{53FD86EE-9FE4-4064-8C6F-87D5F94E2096}.Release|Any CPU.Build.0 = Release|Any CPU
		{2E59CBBD-890E-42F9-AB7D-BEB9E2ED83DB}.Debug|Any CPU.ActiveCfg = Debug|Any CPU
		{2E59CBBD-890E-42F9-AB7D-BEB9E2ED83DB}.Debug|Any CPU.Build.0 = Debug|Any CPU
		{2E59CBBD-890E-42F9-AB7D-BEB9E2ED83DB}.Release|Any CPU.ActiveCfg = Release|Any CPU
		{2E59CBBD-890E-42F9-AB7D-BEB9E2ED83DB}.Release|Any CPU.Build.0 = Release|Any CPU
		{CE6CF524-69CA-4584-924F-44A50B0C8781}.Debug|Any CPU.ActiveCfg = Debug|Any CPU
		{CE6CF524-69CA-4584-924F-44A50B0C8781}.Debug|Any CPU.Build.0 = Debug|Any CPU
		{CE6CF524-69CA-4584-924F-44A50B0C8781}.Release|Any CPU.ActiveCfg = Release|Any CPU
		{CE6CF524-69CA-4584-924F-44A50B0C8781}.Release|Any CPU.Build.0 = Release|Any CPU
		{DB737D47-E0E4-4407-9251-45736713BEED}.Debug|Any CPU.ActiveCfg = Debug|Any CPU
		{DB737D47-E0E4-4407-9251-45736713BEED}.Debug|Any CPU.Build.0 = Debug|Any CPU
		{DB737D47-E0E4-4407-9251-45736713BEED}.Release|Any CPU.ActiveCfg = Release|Any CPU
		{DB737D47-E0E4-4407-9251-45736713BEED}.Release|Any CPU.Build.0 = Release|Any CPU
		{A93F3562-35A3-49AC-A760-AAB6DE7D842B}.Debug|Any CPU.ActiveCfg = Debug|Any CPU
		{A93F3562-35A3-49AC-A760-AAB6DE7D842B}.Debug|Any CPU.Build.0 = Debug|Any CPU
		{A93F3562-35A3-49AC-A760-AAB6DE7D842B}.Release|Any CPU.ActiveCfg = Release|Any CPU
		{A93F3562-35A3-49AC-A760-AAB6DE7D842B}.Release|Any CPU.Build.0 = Release|Any CPU
		{2260730B-7D8F-4E48-817A-EAE3B1D5CCBA}.Debug|Any CPU.ActiveCfg = Debug|Any CPU
		{2260730B-7D8F-4E48-817A-EAE3B1D5CCBA}.Debug|Any CPU.Build.0 = Debug|Any CPU
		{2260730B-7D8F-4E48-817A-EAE3B1D5CCBA}.Release|Any CPU.ActiveCfg = Release|Any CPU
		{2260730B-7D8F-4E48-817A-EAE3B1D5CCBA}.Release|Any CPU.Build.0 = Release|Any CPU
		{BB7BFD9D-340A-420C-8DED-AB7E3E24F84D}.Debug|Any CPU.ActiveCfg = Debug|Any CPU
		{BB7BFD9D-340A-420C-8DED-AB7E3E24F84D}.Debug|Any CPU.Build.0 = Debug|Any CPU
		{BB7BFD9D-340A-420C-8DED-AB7E3E24F84D}.Release|Any CPU.ActiveCfg = Release|Any CPU
		{BB7BFD9D-340A-420C-8DED-AB7E3E24F84D}.Release|Any CPU.Build.0 = Release|Any CPU
		{FCDC79E9-2683-4E9E-AC9E-13D3D2189570}.Debug|Any CPU.ActiveCfg = Debug|Any CPU
		{FCDC79E9-2683-4E9E-AC9E-13D3D2189570}.Debug|Any CPU.Build.0 = Debug|Any CPU
		{FCDC79E9-2683-4E9E-AC9E-13D3D2189570}.Release|Any CPU.ActiveCfg = Release|Any CPU
		{FCDC79E9-2683-4E9E-AC9E-13D3D2189570}.Release|Any CPU.Build.0 = Release|Any CPU
		{EAC7A7CA-D9B8-43D3-AF2C-235DD7B8C641}.Debug|Any CPU.ActiveCfg = Debug|Any CPU
		{EAC7A7CA-D9B8-43D3-AF2C-235DD7B8C641}.Debug|Any CPU.Build.0 = Debug|Any CPU
		{EAC7A7CA-D9B8-43D3-AF2C-235DD7B8C641}.Release|Any CPU.ActiveCfg = Release|Any CPU
		{EAC7A7CA-D9B8-43D3-AF2C-235DD7B8C641}.Release|Any CPU.Build.0 = Release|Any CPU
		{A3FC979D-508C-46A6-8644-A2134782862B}.Debug|Any CPU.ActiveCfg = Debug|Any CPU
		{A3FC979D-508C-46A6-8644-A2134782862B}.Debug|Any CPU.Build.0 = Debug|Any CPU
		{A3FC979D-508C-46A6-8644-A2134782862B}.Release|Any CPU.ActiveCfg = Release|Any CPU
		{A3FC979D-508C-46A6-8644-A2134782862B}.Release|Any CPU.Build.0 = Release|Any CPU
		{D396DC20-37F1-4AFF-B194-BD78C55E6FFA}.Debug|Any CPU.ActiveCfg = Debug|Any CPU
		{D396DC20-37F1-4AFF-B194-BD78C55E6FFA}.Debug|Any CPU.Build.0 = Debug|Any CPU
		{D396DC20-37F1-4AFF-B194-BD78C55E6FFA}.Release|Any CPU.ActiveCfg = Release|Any CPU
		{D396DC20-37F1-4AFF-B194-BD78C55E6FFA}.Release|Any CPU.Build.0 = Release|Any CPU
		{5B1B8753-6C54-415F-8088-167AD474FD0E}.Debug|Any CPU.ActiveCfg = Debug|Any CPU
		{5B1B8753-6C54-415F-8088-167AD474FD0E}.Debug|Any CPU.Build.0 = Debug|Any CPU
		{5B1B8753-6C54-415F-8088-167AD474FD0E}.Release|Any CPU.ActiveCfg = Release|Any CPU
		{5B1B8753-6C54-415F-8088-167AD474FD0E}.Release|Any CPU.Build.0 = Release|Any CPU
		{78459067-8E40-4A80-89E9-91C9F8BA907F}.Debug|Any CPU.ActiveCfg = Debug|Any CPU
		{78459067-8E40-4A80-89E9-91C9F8BA907F}.Debug|Any CPU.Build.0 = Debug|Any CPU
		{78459067-8E40-4A80-89E9-91C9F8BA907F}.Release|Any CPU.ActiveCfg = Release|Any CPU
		{78459067-8E40-4A80-89E9-91C9F8BA907F}.Release|Any CPU.Build.0 = Release|Any CPU
		{B7988F6A-1226-45A0-99F8-C651F23CA628}.Debug|Any CPU.ActiveCfg = Debug|Any CPU
		{B7988F6A-1226-45A0-99F8-C651F23CA628}.Debug|Any CPU.Build.0 = Debug|Any CPU
		{B7988F6A-1226-45A0-99F8-C651F23CA628}.Release|Any CPU.ActiveCfg = Release|Any CPU
		{B7988F6A-1226-45A0-99F8-C651F23CA628}.Release|Any CPU.Build.0 = Release|Any CPU
		{C2C50C5E-4195-46B5-B664-E371B68A5DE2}.Debug|Any CPU.ActiveCfg = Debug|Any CPU
		{C2C50C5E-4195-46B5-B664-E371B68A5DE2}.Debug|Any CPU.Build.0 = Debug|Any CPU
		{C2C50C5E-4195-46B5-B664-E371B68A5DE2}.Release|Any CPU.ActiveCfg = Release|Any CPU
		{C2C50C5E-4195-46B5-B664-E371B68A5DE2}.Release|Any CPU.Build.0 = Release|Any CPU
		{24BDCC87-EB20-4E5C-BCFC-A4957A67BF30}.Debug|Any CPU.ActiveCfg = Debug|Any CPU
		{24BDCC87-EB20-4E5C-BCFC-A4957A67BF30}.Debug|Any CPU.Build.0 = Debug|Any CPU
		{24BDCC87-EB20-4E5C-BCFC-A4957A67BF30}.Release|Any CPU.ActiveCfg = Release|Any CPU
		{24BDCC87-EB20-4E5C-BCFC-A4957A67BF30}.Release|Any CPU.Build.0 = Release|Any CPU
		{C495E094-9DE1-4A2F-A285-A62A767F4BA4}.Debug|Any CPU.ActiveCfg = Debug|Any CPU
		{C495E094-9DE1-4A2F-A285-A62A767F4BA4}.Debug|Any CPU.Build.0 = Debug|Any CPU
		{C495E094-9DE1-4A2F-A285-A62A767F4BA4}.Release|Any CPU.ActiveCfg = Release|Any CPU
		{C495E094-9DE1-4A2F-A285-A62A767F4BA4}.Release|Any CPU.Build.0 = Release|Any CPU
		{CDD36C54-2AAA-4712-A2BA-8C81904D2938}.Debug|Any CPU.ActiveCfg = Debug|Any CPU
		{CDD36C54-2AAA-4712-A2BA-8C81904D2938}.Debug|Any CPU.Build.0 = Debug|Any CPU
		{CDD36C54-2AAA-4712-A2BA-8C81904D2938}.Release|Any CPU.ActiveCfg = Release|Any CPU
		{CDD36C54-2AAA-4712-A2BA-8C81904D2938}.Release|Any CPU.Build.0 = Release|Any CPU
		{865010E8-B2BA-4CB2-A61B-27DC44431002}.Debug|Any CPU.ActiveCfg = Debug|Any CPU
		{865010E8-B2BA-4CB2-A61B-27DC44431002}.Debug|Any CPU.Build.0 = Debug|Any CPU
		{865010E8-B2BA-4CB2-A61B-27DC44431002}.Release|Any CPU.ActiveCfg = Release|Any CPU
		{865010E8-B2BA-4CB2-A61B-27DC44431002}.Release|Any CPU.Build.0 = Release|Any CPU
		{87953FC1-0885-4CFF-8AC3-E0A8FFACE2CC}.Debug|Any CPU.ActiveCfg = Debug|Any CPU
		{87953FC1-0885-4CFF-8AC3-E0A8FFACE2CC}.Debug|Any CPU.Build.0 = Debug|Any CPU
		{87953FC1-0885-4CFF-8AC3-E0A8FFACE2CC}.Release|Any CPU.ActiveCfg = Release|Any CPU
		{87953FC1-0885-4CFF-8AC3-E0A8FFACE2CC}.Release|Any CPU.Build.0 = Release|Any CPU
	EndGlobalSection
	GlobalSection(NestedProjects) = preSolution
		{1769FCB4-0FAF-4820-AF56-C1F3F05A456E} = {0F3E2943-A69F-4693-A0E4-EDBDD853F1AC}
		{28E4BE52-531C-4B69-8F47-DF00D02A181B} = {92B351FA-284C-4F3D-A306-4510FAAC5F64}
		{F6C6240C-004E-4502-AF56-F9614BDE9AD3} = {92B351FA-284C-4F3D-A306-4510FAAC5F64}
		{FE4B2D00-4EFD-4BDF-83AF-CC89A0FBD691} = {92B351FA-284C-4F3D-A306-4510FAAC5F64}
		{FAA8FF94-94D7-433A-A361-5A3BF683311D} = {0F3E2943-A69F-4693-A0E4-EDBDD853F1AC}
		{254D6C81-CFD0-4D9D-827B-905E39031611} = {FAA8FF94-94D7-433A-A361-5A3BF683311D}
		{9C91D7B5-E8B3-45F3-999D-01A39DD27E07} = {FAA8FF94-94D7-433A-A361-5A3BF683311D}
		{41819ED8-4D63-4C2D-BEBF-EF75D6360190} = {FAA8FF94-94D7-433A-A361-5A3BF683311D}
		{FCDD6DE6-E27C-490A-8987-FCA2696BEE1C} = {FAA8FF94-94D7-433A-A361-5A3BF683311D}
		{A54C6EFF-707F-499D-939B-972689B20A70} = {FAA8FF94-94D7-433A-A361-5A3BF683311D}
		{F06886B0-0184-4872-AC7D-AF3BD1A32C7B} = {0F3E2943-A69F-4693-A0E4-EDBDD853F1AC}
		{8DB7AF77-7040-49C3-80A0-66BFD5F701AC} = {F06886B0-0184-4872-AC7D-AF3BD1A32C7B}
		{53FD86EE-9FE4-4064-8C6F-87D5F94E2096} = {F06886B0-0184-4872-AC7D-AF3BD1A32C7B}
		{F7B10EAD-31EF-494E-8CB4-204463AEB251} = {F06886B0-0184-4872-AC7D-AF3BD1A32C7B}
		{2E59CBBD-890E-42F9-AB7D-BEB9E2ED83DB} = {F06886B0-0184-4872-AC7D-AF3BD1A32C7B}
		{CE6CF524-69CA-4584-924F-44A50B0C8781} = {F06886B0-0184-4872-AC7D-AF3BD1A32C7B}
		{5AFF17B4-34DD-4AA3-9CD2-9FFBD0D666A3} = {0F3E2943-A69F-4693-A0E4-EDBDD853F1AC}
		{8E22D7D8-6EA4-4E2E-A0D8-32C19D373401} = {5AFF17B4-34DD-4AA3-9CD2-9FFBD0D666A3}
		{A93F3562-35A3-49AC-A760-AAB6DE7D842B} = {5AFF17B4-34DD-4AA3-9CD2-9FFBD0D666A3}
		{DB737D47-E0E4-4407-9251-45736713BEED} = {5AFF17B4-34DD-4AA3-9CD2-9FFBD0D666A3}
		{4035BC7F-5257-40D8-A54A-31665CD136F8} = {0F3E2943-A69F-4693-A0E4-EDBDD853F1AC}
		{2260730B-7D8F-4E48-817A-EAE3B1D5CCBA} = {4035BC7F-5257-40D8-A54A-31665CD136F8}
		{FCDC79E9-2683-4E9E-AC9E-13D3D2189570} = {4035BC7F-5257-40D8-A54A-31665CD136F8}
		{EAC7A7CA-D9B8-43D3-AF2C-235DD7B8C641} = {4035BC7F-5257-40D8-A54A-31665CD136F8}
		{A3FC979D-508C-46A6-8644-A2134782862B} = {4035BC7F-5257-40D8-A54A-31665CD136F8}
		{BB7BFD9D-340A-420C-8DED-AB7E3E24F84D} = {4035BC7F-5257-40D8-A54A-31665CD136F8}
		{E71956F2-DBB5-4D7D-B245-EBA68C8351A9} = {0F3E2943-A69F-4693-A0E4-EDBDD853F1AC}
		{D396DC20-37F1-4AFF-B194-BD78C55E6FFA} = {E71956F2-DBB5-4D7D-B245-EBA68C8351A9}
		{5B1B8753-6C54-415F-8088-167AD474FD0E} = {E71956F2-DBB5-4D7D-B245-EBA68C8351A9}
		{78459067-8E40-4A80-89E9-91C9F8BA907F} = {E71956F2-DBB5-4D7D-B245-EBA68C8351A9}
		{B7988F6A-1226-45A0-99F8-C651F23CA628} = {E71956F2-DBB5-4D7D-B245-EBA68C8351A9}
		{C2C50C5E-4195-46B5-B664-E371B68A5DE2} = {E71956F2-DBB5-4D7D-B245-EBA68C8351A9}
		{4B5BF82B-70C5-4277-9497-AA0D6D775755} = {0F3E2943-A69F-4693-A0E4-EDBDD853F1AC}
		{24BDCC87-EB20-4E5C-BCFC-A4957A67BF30} = {4B5BF82B-70C5-4277-9497-AA0D6D775755}
		{C495E094-9DE1-4A2F-A285-A62A767F4BA4} = {4B5BF82B-70C5-4277-9497-AA0D6D775755}
		{CDD36C54-2AAA-4712-A2BA-8C81904D2938} = {4B5BF82B-70C5-4277-9497-AA0D6D775755}
		{865010E8-B2BA-4CB2-A61B-27DC44431002} = {4B5BF82B-70C5-4277-9497-AA0D6D775755}
		{87953FC1-0885-4CFF-8AC3-E0A8FFACE2CC} = {4B5BF82B-70C5-4277-9497-AA0D6D775755}
	EndGlobalSection
EndGlobal
